// !$*UTF8*$!
{
	archiveVersion = 1;
	classes = {
	};
	objectVersion = 48;
	objects = {

/* Begin PBXBuildFile section */
		8D7510B42623644A007750B9 /* FoodTagsMenuViewController.swift in Sources */ = {isa = PBXBuildFile; fileRef = 8D7510B32623644A007750B9 /* FoodTagsMenuViewController.swift */; };
		8DB6C0932618330100DA6318 /* Charts.framework in Frameworks */ = {isa = PBXBuildFile; fileRef = 8DB6C08D2618323200DA6318 /* Charts.framework */; };
		8DB6C0942618330100DA6318 /* Charts.framework in Embed Frameworks */ = {isa = PBXBuildFile; fileRef = 8DB6C08D2618323200DA6318 /* Charts.framework */; settings = {ATTRIBUTES = (CodeSignOnCopy, RemoveHeadersOnCopy, ); }; };
		8DB898552618431F002302FC /* FoodTagsViewController.swift in Sources */ = {isa = PBXBuildFile; fileRef = 8DB8984A2618431F002302FC /* FoodTagsViewController.swift */; };
		8DB898562618431F002302FC /* Assets.xcassets in Resources */ = {isa = PBXBuildFile; fileRef = 8DB8984C2618431F002302FC /* Assets.xcassets */; };
		8DB898592618431F002302FC /* LaunchScreen.storyboard in Resources */ = {isa = PBXBuildFile; fileRef = 8DB8984F2618431F002302FC /* LaunchScreen.storyboard */; };
		8DB8985A2618431F002302FC /* Main.storyboard in Resources */ = {isa = PBXBuildFile; fileRef = 8DB898512618431F002302FC /* Main.storyboard */; };
		8DB8985B2618431F002302FC /* AppDelegate.swift in Sources */ = {isa = PBXBuildFile; fileRef = 8DB898542618431F002302FC /* AppDelegate.swift */; };
		8DDA772B262416BA00E2105E /* logo.png in Resources */ = {isa = PBXBuildFile; fileRef = 8DDA772A262416BA00E2105E /* logo.png */; };
/* End PBXBuildFile section */

/* Begin PBXContainerItemProxy section */
		8DB6C08C2618323200DA6318 /* PBXContainerItemProxy */ = {
			isa = PBXContainerItemProxy;
			containerPortal = 8DB6C0872618323200DA6318 /* Charts.xcodeproj */;
			proxyType = 2;
			remoteGlobalIDString = 65AD9E95D9ED4DC0BD73A743;
			remoteInfo = Charts;
		};
		8DB6C08E2618323200DA6318 /* PBXContainerItemProxy */ = {
			isa = PBXContainerItemProxy;
			containerPortal = 8DB6C0872618323200DA6318 /* Charts.xcodeproj */;
			proxyType = 2;
			remoteGlobalIDString = 1CBBC58C6CE1EBEE9852CE41;
			remoteInfo = ChartsTests;
		};
/* End PBXContainerItemProxy section */

/* Begin PBXCopyFilesBuildPhase section */
		8DB6C0952618330200DA6318 /* Embed Frameworks */ = {
			isa = PBXCopyFilesBuildPhase;
			buildActionMask = 2147483647;
			dstPath = "";
			dstSubfolderSpec = 10;
			files = (
				8DB6C0942618330100DA6318 /* Charts.framework in Embed Frameworks */,
			);
			name = "Embed Frameworks";
			runOnlyForDeploymentPostprocessing = 0;
		};
/* End PBXCopyFilesBuildPhase section */

/* Begin PBXFileReference section */
		8D7510B32623644A007750B9 /* FoodTagsMenuViewController.swift */ = {isa = PBXFileReference; lastKnownFileType = sourcecode.swift; path = FoodTagsMenuViewController.swift; sourceTree = "<group>"; };
		8DB6C0872618323200DA6318 /* Charts.xcodeproj */ = {isa = PBXFileReference; lastKnownFileType = "wrapper.pb-project"; name = Charts.xcodeproj; path = ../Charts.xcodeproj; sourceTree = "<group>"; };
		8DB8984A2618431F002302FC /* FoodTagsViewController.swift */ = {isa = PBXFileReference; fileEncoding = 4; lastKnownFileType = sourcecode.swift; path = FoodTagsViewController.swift; sourceTree = "<group>"; };
		8DB8984C2618431F002302FC /* Assets.xcassets */ = {isa = PBXFileReference; lastKnownFileType = folder.assetcatalog; path = Assets.xcassets; sourceTree = "<group>"; };
		8DB8984D2618431F002302FC /* Info.plist */ = {isa = PBXFileReference; fileEncoding = 4; lastKnownFileType = text.plist.xml; path = Info.plist; sourceTree = "<group>"; };
		8DB898502618431F002302FC /* Base */ = {isa = PBXFileReference; lastKnownFileType = file.storyboard; name = Base; path = Base.lproj/LaunchScreen.storyboard; sourceTree = "<group>"; };
		8DB898522618431F002302FC /* Base */ = {isa = PBXFileReference; lastKnownFileType = file.storyboard; name = Base; path = Base.lproj/Main.storyboard; sourceTree = "<group>"; };
		8DB898532618431F002302FC /* FoodTagsApp.entitlements */ = {isa = PBXFileReference; fileEncoding = 4; lastKnownFileType = text.plist.entitlements; path = FoodTagsApp.entitlements; sourceTree = "<group>"; };
		8DB898542618431F002302FC /* AppDelegate.swift */ = {isa = PBXFileReference; fileEncoding = 4; lastKnownFileType = sourcecode.swift; path = AppDelegate.swift; sourceTree = "<group>"; };
		8DB89861261843CF002302FC /* FoodTagsApp.app */ = {isa = PBXFileReference; explicitFileType = wrapper.application; includeInIndex = 0; path = FoodTagsApp.app; sourceTree = BUILT_PRODUCTS_DIR; };
		8DDA772A262416BA00E2105E /* logo.png */ = {isa = PBXFileReference; lastKnownFileType = image.png; path = logo.png; sourceTree = "<group>"; };
		B41052351EC2BA73006D9146 /* README.md */ = {isa = PBXFileReference; fileEncoding = 4; lastKnownFileType = net.daringfireball.markdown; path = README.md; sourceTree = "<group>"; };
		D5C3DC30D5C429F000000001 /* SampleCode.xcconfig */ = {isa = PBXFileReference; lastKnownFileType = text.xcconfig; name = SampleCode.xcconfig; path = Configuration/SampleCode.xcconfig; sourceTree = "<group>"; };
		D8089BF0D8089AD000000001 /* LICENSE.txt */ = {isa = PBXFileReference; includeInIndex = 1; lastKnownFileType = text; path = LICENSE.txt; sourceTree = "<group>"; };
/* End PBXFileReference section */

/* Begin PBXFrameworksBuildPhase section */
		B410521D1EC2BA04006D9146 /* Frameworks */ = {
			isa = PBXFrameworksBuildPhase;
			buildActionMask = 2147483647;
			files = (
				8DB6C0932618330100DA6318 /* Charts.framework in Frameworks */,
			);
			runOnlyForDeploymentPostprocessing = 0;
		};
/* End PBXFrameworksBuildPhase section */

/* Begin PBXGroup section */
		8DB6C0882618323200DA6318 /* Products */ = {
			isa = PBXGroup;
			children = (
				8DB6C08D2618323200DA6318 /* Charts.framework */,
				8DB6C08F2618323200DA6318 /* ChartsTests.xctest */,
			);
			name = Products;
			sourceTree = "<group>";
		};
		8DB6C0922618330100DA6318 /* Frameworks */ = {
			isa = PBXGroup;
			children = (
			);
			name = Frameworks;
			sourceTree = "<group>";
		};
		8DB898492618431F002302FC /* App */ = {
			isa = PBXGroup;
			children = (
				8DB8984A2618431F002302FC /* FoodTagsViewController.swift */,
				8D7510B32623644A007750B9 /* FoodTagsMenuViewController.swift */,
				8DB8984B2618431F002302FC /* Resources */,
				8DB8984F2618431F002302FC /* LaunchScreen.storyboard */,
				8DB898512618431F002302FC /* Main.storyboard */,
				8DB898532618431F002302FC /* FoodTagsApp.entitlements */,
				8DB898542618431F002302FC /* AppDelegate.swift */,
			);
			path = App;
			sourceTree = "<group>";
		};
		8DB8984B2618431F002302FC /* Resources */ = {
			isa = PBXGroup;
			children = (
				8DDA772A262416BA00E2105E /* logo.png */,
				8DB8984C2618431F002302FC /* Assets.xcassets */,
				8DB8984D2618431F002302FC /* Info.plist */,
			);
			path = Resources;
			sourceTree = "<group>";
		};
		B41052171EC2BA04006D9146 = {
			isa = PBXGroup;
			children = (
				8DB898492618431F002302FC /* App */,
				8DB6C0872618323200DA6318 /* Charts.xcodeproj */,
				B41052351EC2BA73006D9146 /* README.md */,
				D5C516C0D5C5168000000001 /* Configuration */,
				D8087810D8099F5000000001 /* LICENSE */,
				8DB6C0922618330100DA6318 /* Frameworks */,
				8DB89861261843CF002302FC /* FoodTagsApp.app */,
			);
			sourceTree = "<group>";
		};
		D5C516C0D5C5168000000001 /* Configuration */ = {
			isa = PBXGroup;
			children = (
				D5C3DC30D5C429F000000001 /* SampleCode.xcconfig */,
			);
			name = Configuration;
			sourceTree = "<group>";
		};
		D8087810D8099F5000000001 /* LICENSE */ = {
			isa = PBXGroup;
			children = (
				D8089BF0D8089AD000000001 /* LICENSE.txt */,
			);
			path = LICENSE;
			sourceTree = "<group>";
		};
/* End PBXGroup section */

/* Begin PBXNativeTarget section */
		B410521F1EC2BA04006D9146 /* FoodTagsApp */ = {
			isa = PBXNativeTarget;
			buildConfigurationList = B41052321EC2BA04006D9146 /* Build configuration list for PBXNativeTarget "FoodTagsApp" */;
			buildPhases = (
				B410521C1EC2BA04006D9146 /* Sources */,
				B410521D1EC2BA04006D9146 /* Frameworks */,
				B410521E1EC2BA04006D9146 /* Resources */,
				8DB6C0952618330200DA6318 /* Embed Frameworks */,
			);
			buildRules = (
			);
			dependencies = (
			);
			name = FoodTagsApp;
			productName = NFCTagReader;
			productReference = 8DB89861261843CF002302FC /* FoodTagsApp.app */;
			productType = "com.apple.product-type.application";
		};
/* End PBXNativeTarget section */

/* Begin PBXProject section */
		B41052181EC2BA04006D9146 /* Project object */ = {
			isa = PBXProject;
			attributes = {
				LastSwiftUpdateCheck = 0900;
				LastUpgradeCheck = 1240;
				ORGANIZATIONNAME = Apple;
				TargetAttributes = {
					B410521F1EC2BA04006D9146 = {
						CreatedOnToolsVersion = 9.0;
						LastSwiftMigration = 0900;
						ProvisioningStyle = Automatic;
						SystemCapabilities = {
							com.apple.Push = {
								enabled = 0;
							};
							com.apple.Wallet = {
								enabled = 0;
							};
						};
					};
				};
			};
			buildConfigurationList = B410521B1EC2BA04006D9146 /* Build configuration list for PBXProject "FoodTagsApp" */;
			compatibilityVersion = "Xcode 8.0";
			developmentRegion = en;
			hasScannedForEncodings = 0;
			knownRegions = (
				en,
				Base,
			);
			mainGroup = B41052171EC2BA04006D9146;
			productRefGroup = B41052171EC2BA04006D9146;
			projectDirPath = "";
			projectReferences = (
				{
					ProductGroup = 8DB6C0882618323200DA6318 /* Products */;
					ProjectRef = 8DB6C0872618323200DA6318 /* Charts.xcodeproj */;
				},
			);
			projectRoot = "";
			targets = (
				B410521F1EC2BA04006D9146 /* FoodTagsApp */,
			);
		};
/* End PBXProject section */

/* Begin PBXReferenceProxy section */
		8DB6C08D2618323200DA6318 /* Charts.framework */ = {
			isa = PBXReferenceProxy;
			fileType = wrapper.framework;
			path = Charts.framework;
			remoteRef = 8DB6C08C2618323200DA6318 /* PBXContainerItemProxy */;
			sourceTree = BUILT_PRODUCTS_DIR;
		};
		8DB6C08F2618323200DA6318 /* ChartsTests.xctest */ = {
			isa = PBXReferenceProxy;
			fileType = wrapper.cfbundle;
			path = ChartsTests.xctest;
			remoteRef = 8DB6C08E2618323200DA6318 /* PBXContainerItemProxy */;
			sourceTree = BUILT_PRODUCTS_DIR;
		};
/* End PBXReferenceProxy section */

/* Begin PBXResourcesBuildPhase section */
		B410521E1EC2BA04006D9146 /* Resources */ = {
			isa = PBXResourcesBuildPhase;
			buildActionMask = 2147483647;
			files = (
				8DDA772B262416BA00E2105E /* logo.png in Resources */,
				8DB898592618431F002302FC /* LaunchScreen.storyboard in Resources */,
				8DB898562618431F002302FC /* Assets.xcassets in Resources */,
				8DB8985A2618431F002302FC /* Main.storyboard in Resources */,
			);
			runOnlyForDeploymentPostprocessing = 0;
		};
/* End PBXResourcesBuildPhase section */

/* Begin PBXSourcesBuildPhase section */
		B410521C1EC2BA04006D9146 /* Sources */ = {
			isa = PBXSourcesBuildPhase;
			buildActionMask = 2147483647;
			files = (
				8D7510B42623644A007750B9 /* FoodTagsMenuViewController.swift in Sources */,
				8DB8985B2618431F002302FC /* AppDelegate.swift in Sources */,
				8DB898552618431F002302FC /* FoodTagsViewController.swift in Sources */,
			);
			runOnlyForDeploymentPostprocessing = 0;
		};
/* End PBXSourcesBuildPhase section */

/* Begin PBXVariantGroup section */
		8DB8984F2618431F002302FC /* LaunchScreen.storyboard */ = {
			isa = PBXVariantGroup;
			children = (
				8DB898502618431F002302FC /* Base */,
			);
			name = LaunchScreen.storyboard;
			sourceTree = "<group>";
		};
		8DB898512618431F002302FC /* Main.storyboard */ = {
			isa = PBXVariantGroup;
			children = (
				8DB898522618431F002302FC /* Base */,
			);
			name = Main.storyboard;
			sourceTree = "<group>";
		};
/* End PBXVariantGroup section */

/* Begin XCBuildConfiguration section */
		B41052301EC2BA04006D9146 /* Debug */ = {
			isa = XCBuildConfiguration;
			baseConfigurationReference = D5C3DC30D5C429F000000001 /* SampleCode.xcconfig */;
			buildSettings = {
				ALWAYS_SEARCH_USER_PATHS = NO;
				CLANG_ANALYZER_NONNULL = YES;
				CLANG_ANALYZER_NUMBER_OBJECT_CONVERSION = YES_AGGRESSIVE;
				CLANG_CXX_LANGUAGE_STANDARD = "gnu++14";
				CLANG_CXX_LIBRARY = "libc++";
				CLANG_ENABLE_MODULES = YES;
				CLANG_ENABLE_OBJC_ARC = YES;
				CLANG_WARN_BLOCK_CAPTURE_AUTORELEASING = YES;
				CLANG_WARN_BOOL_CONVERSION = YES;
				CLANG_WARN_COMMA = YES;
				CLANG_WARN_CONSTANT_CONVERSION = YES;
				CLANG_WARN_DEPRECATED_OBJC_IMPLEMENTATIONS = YES;
				CLANG_WARN_DIRECT_OBJC_ISA_USAGE = YES_ERROR;
				CLANG_WARN_DOCUMENTATION_COMMENTS = YES;
				CLANG_WARN_EMPTY_BODY = YES;
				CLANG_WARN_ENUM_CONVERSION = YES;
				CLANG_WARN_INFINITE_RECURSION = YES;
				CLANG_WARN_INT_CONVERSION = YES;
				CLANG_WARN_NON_LITERAL_NULL_CONVERSION = YES;
				CLANG_WARN_OBJC_IMPLICIT_RETAIN_SELF = YES;
				CLANG_WARN_OBJC_LITERAL_CONVERSION = YES;
				CLANG_WARN_OBJC_ROOT_CLASS = YES_ERROR;
				CLANG_WARN_QUOTED_INCLUDE_IN_FRAMEWORK_HEADER = YES;
				CLANG_WARN_RANGE_LOOP_ANALYSIS = YES;
				CLANG_WARN_STRICT_PROTOTYPES = YES;
				CLANG_WARN_SUSPICIOUS_MOVE = YES;
				CLANG_WARN_UNGUARDED_AVAILABILITY = YES;
				CLANG_WARN_UNREACHABLE_CODE = YES;
				CLANG_WARN__DUPLICATE_METHOD_MATCH = YES;
				COPY_PHASE_STRIP = NO;
				DEBUG_INFORMATION_FORMAT = dwarf;
				ENABLE_STRICT_OBJC_MSGSEND = YES;
				ENABLE_TESTABILITY = YES;
				GCC_C_LANGUAGE_STANDARD = gnu11;
				GCC_DYNAMIC_NO_PIC = NO;
				GCC_NO_COMMON_BLOCKS = YES;
				GCC_OPTIMIZATION_LEVEL = 0;
				GCC_PREPROCESSOR_DEFINITIONS = (
					"DEBUG=1",
					"$(inherited)",
				);
				GCC_WARN_64_TO_32_BIT_CONVERSION = YES;
				GCC_WARN_ABOUT_RETURN_TYPE = YES_ERROR;
				GCC_WARN_UNDECLARED_SELECTOR = YES;
				GCC_WARN_UNINITIALIZED_AUTOS = YES_AGGRESSIVE;
				GCC_WARN_UNUSED_FUNCTION = YES;
				GCC_WARN_UNUSED_VARIABLE = YES;
				IPHONEOS_DEPLOYMENT_TARGET = 12.0;
				MTL_ENABLE_DEBUG_INFO = YES;
				ONLY_ACTIVE_ARCH = YES;
				SDKROOT = iphoneos;
				SWIFT_ACTIVE_COMPILATION_CONDITIONS = DEBUG;
				SWIFT_OPTIMIZATION_LEVEL = "-Onone";
			};
			name = Debug;
		};
		B41052311EC2BA04006D9146 /* Release */ = {
			isa = XCBuildConfiguration;
			baseConfigurationReference = D5C3DC30D5C429F000000001 /* SampleCode.xcconfig */;
			buildSettings = {
				ALWAYS_SEARCH_USER_PATHS = NO;
				CLANG_ANALYZER_NONNULL = YES;
				CLANG_ANALYZER_NUMBER_OBJECT_CONVERSION = YES_AGGRESSIVE;
				CLANG_CXX_LANGUAGE_STANDARD = "gnu++14";
				CLANG_CXX_LIBRARY = "libc++";
				CLANG_ENABLE_MODULES = YES;
				CLANG_ENABLE_OBJC_ARC = YES;
				CLANG_WARN_BLOCK_CAPTURE_AUTORELEASING = YES;
				CLANG_WARN_BOOL_CONVERSION = YES;
				CLANG_WARN_COMMA = YES;
				CLANG_WARN_CONSTANT_CONVERSION = YES;
				CLANG_WARN_DEPRECATED_OBJC_IMPLEMENTATIONS = YES;
				CLANG_WARN_DIRECT_OBJC_ISA_USAGE = YES_ERROR;
				CLANG_WARN_DOCUMENTATION_COMMENTS = YES;
				CLANG_WARN_EMPTY_BODY = YES;
				CLANG_WARN_ENUM_CONVERSION = YES;
				CLANG_WARN_INFINITE_RECURSION = YES;
				CLANG_WARN_INT_CONVERSION = YES;
				CLANG_WARN_NON_LITERAL_NULL_CONVERSION = YES;
				CLANG_WARN_OBJC_IMPLICIT_RETAIN_SELF = YES;
				CLANG_WARN_OBJC_LITERAL_CONVERSION = YES;
				CLANG_WARN_OBJC_ROOT_CLASS = YES_ERROR;
				CLANG_WARN_QUOTED_INCLUDE_IN_FRAMEWORK_HEADER = YES;
				CLANG_WARN_RANGE_LOOP_ANALYSIS = YES;
				CLANG_WARN_STRICT_PROTOTYPES = YES;
				CLANG_WARN_SUSPICIOUS_MOVE = YES;
				CLANG_WARN_UNGUARDED_AVAILABILITY = YES;
				CLANG_WARN_UNREACHABLE_CODE = YES;
				CLANG_WARN__DUPLICATE_METHOD_MATCH = YES;
				COPY_PHASE_STRIP = NO;
				DEBUG_INFORMATION_FORMAT = "dwarf-with-dsym";
				ENABLE_NS_ASSERTIONS = NO;
				ENABLE_STRICT_OBJC_MSGSEND = YES;
				GCC_C_LANGUAGE_STANDARD = gnu11;
				GCC_NO_COMMON_BLOCKS = YES;
				GCC_WARN_64_TO_32_BIT_CONVERSION = YES;
				GCC_WARN_ABOUT_RETURN_TYPE = YES_ERROR;
				GCC_WARN_UNDECLARED_SELECTOR = YES;
				GCC_WARN_UNINITIALIZED_AUTOS = YES_AGGRESSIVE;
				GCC_WARN_UNUSED_FUNCTION = YES;
				GCC_WARN_UNUSED_VARIABLE = YES;
				IPHONEOS_DEPLOYMENT_TARGET = 12.0;
				MTL_ENABLE_DEBUG_INFO = NO;
				SDKROOT = iphoneos;
				SWIFT_OPTIMIZATION_LEVEL = "-Owholemodule";
				VALIDATE_PRODUCT = YES;
			};
			name = Release;
		};
		B41052331EC2BA04006D9146 /* Debug */ = {
			isa = XCBuildConfiguration;
			baseConfigurationReference = D5C3DC30D5C429F000000001 /* SampleCode.xcconfig */;
			buildSettings = {
				ASSETCATALOG_COMPILER_APPICON_NAME = AppIcon;
				CODE_SIGN_ENTITLEMENTS = App/FoodTagsApp.entitlements;
				CODE_SIGN_IDENTITY = "iPhone Developer";
				CODE_SIGN_STYLE = Automatic;
				DEVELOPMENT_TEAM = 2A3KZFLM38;
				INFOPLIST_FILE = "$(SRCROOT)/App/Resources/Info.plist";
				IPHONEOS_DEPLOYMENT_TARGET = 13.0;
				LD_RUNPATH_SEARCH_PATHS = "$(inherited) @executable_path/Frameworks";
				PRODUCT_BUNDLE_IDENTIFIER = com.colteh.FoodTagsApp;
				PRODUCT_NAME = "$(TARGET_NAME)";
				PROVISIONING_PROFILE_SPECIFIER = "";
				SDKROOT = iphoneos;
				SWIFT_SWIFT3_OBJC_INFERENCE = Default;
				SWIFT_VERSION = 5.0;
				TARGETED_DEVICE_FAMILY = 1;
			};
			name = Debug;
		};
		B41052341EC2BA04006D9146 /* Release */ = {
			isa = XCBuildConfiguration;
			baseConfigurationReference = D5C3DC30D5C429F000000001 /* SampleCode.xcconfig */;
			buildSettings = {
				ASSETCATALOG_COMPILER_APPICON_NAME = AppIcon;
				CODE_SIGN_ENTITLEMENTS = App/FoodTagsApp.entitlements;
				CODE_SIGN_IDENTITY = "iPhone Developer";
				CODE_SIGN_STYLE = Automatic;
				DEVELOPMENT_TEAM = 2A3KZFLM38;
				INFOPLIST_FILE = "$(SRCROOT)/App/Resources/Info.plist";
				IPHONEOS_DEPLOYMENT_TARGET = 13.0;
				LD_RUNPATH_SEARCH_PATHS = "$(inherited) @executable_path/Frameworks";
				PRODUCT_BUNDLE_IDENTIFIER = com.colteh.FoodTagsApp;
				PRODUCT_NAME = "$(TARGET_NAME)";
				PROVISIONING_PROFILE_SPECIFIER = "";
				SDKROOT = iphoneos;
				SWIFT_SWIFT3_OBJC_INFERENCE = Default;
				SWIFT_VERSION = 5.0;
				TARGETED_DEVICE_FAMILY = 1;
			};
			name = Release;
		};
/* End XCBuildConfiguration section */

/* Begin XCConfigurationList section */
		B410521B1EC2BA04006D9146 /* Build configuration list for PBXProject "FoodTagsApp" */ = {
			isa = XCConfigurationList;
			buildConfigurations = (
				B41052301EC2BA04006D9146 /* Debug */,
				B41052311EC2BA04006D9146 /* Release */,
			);
			defaultConfigurationIsVisible = 0;
			defaultConfigurationName = Release;
		};
		B41052321EC2BA04006D9146 /* Build configuration list for PBXNativeTarget "FoodTagsApp" */ = {
			isa = XCConfigurationList;
			buildConfigurations = (
				B41052331EC2BA04006D9146 /* Debug */,
				B41052341EC2BA04006D9146 /* Release */,
			);
			defaultConfigurationIsVisible = 0;
			defaultConfigurationName = Release;
		};
/* End XCConfigurationList section */
	};
	rootObject = B41052181EC2BA04006D9146 /* Project object */;
}
